
Microsoft Visual Studio Solution File, Format Version 12.00
# Visual Studio Version 17
VisualStudioVersion = 17.0.31903.59
MinimumVisualStudioVersion = 10.0.40219.1
Project("{2150E333-8FDC-42A3-9474-1A3956D46DE8}") = "src", "src", "{4ACC224A-2F2D-4F9D-A045-7E6903F7D492}"
EndProject
Project("{FAE04EC0-301F-11D3-BF4B-00C04F79EFBC}") = "HowsYourDayAPI", "src\HowsYourDayAPI\HowsYourDayAPI.csproj", "{E18B389E-9ACC-4417-9240-618698316321}"
EndProject
Project("{FAE04EC0-301F-11D3-BF4B-00C04F79EFBC}") = "HowsYourDayApp", "src\HowsYourDayApp\HowsYourDayApp.csproj", "{897F15FD-D9EB-4736-9D57-E24A178E01EA}"
EndProject
Project("{FAE04EC0-301F-11D3-BF4B-00C04F79EFBC}") = "Shared", "src\Shared\Shared.csproj", "{8454EEEF-DC9F-4216-9621-6DA29FEB99C4}"
EndProject
Project("{FAE04EC0-301F-11D3-BF4B-00C04F79EFBC}") = "HowsYourDayTest", "src\HowsYourDayTest\HowsYourDayTest.csproj", "{0478CBD0-6059-4496-94D1-E5AA4012C980}"
EndProject
Global
	GlobalSection(SolutionConfigurationPlatforms) = preSolution
		Debug|Any CPU = Debug|Any CPU
		Release|Any CPU = Release|Any CPU
	EndGlobalSection
	GlobalSection(SolutionProperties) = preSolution
		HideSolutionNode = FALSE
	EndGlobalSection
	GlobalSection(ProjectConfigurationPlatforms) = postSolution
		{E18B389E-9ACC-4417-9240-618698316321}.Debug|Any CPU.ActiveCfg = Debug|Any CPU
		{E18B389E-9ACC-4417-9240-618698316321}.Debug|Any CPU.Build.0 = Debug|Any CPU
		{E18B389E-9ACC-4417-9240-618698316321}.Release|Any CPU.ActiveCfg = Release|Any CPU
		{E18B389E-9ACC-4417-9240-618698316321}.Release|Any CPU.Build.0 = Release|Any CPU
		{897F15FD-D9EB-4736-9D57-E24A178E01EA}.Debug|Any CPU.ActiveCfg = Debug|Any CPU
		{897F15FD-D9EB-4736-9D57-E24A178E01EA}.Debug|Any CPU.Build.0 = Debug|Any CPU
		{897F15FD-D9EB-4736-9D57-E24A178E01EA}.Release|Any CPU.ActiveCfg = Release|Any CPU
		{897F15FD-D9EB-4736-9D57-E24A178E01EA}.Release|Any CPU.Build.0 = Release|Any CPU
		{8454EEEF-DC9F-4216-9621-6DA29FEB99C4}.Debug|Any CPU.ActiveCfg = Debug|Any CPU
		{8454EEEF-DC9F-4216-9621-6DA29FEB99C4}.Debug|Any CPU.Build.0 = Debug|Any CPU
		{8454EEEF-DC9F-4216-9621-6DA29FEB99C4}.Release|Any CPU.ActiveCfg = Release|Any CPU
		{8454EEEF-DC9F-4216-9621-6DA29FEB99C4}.Release|Any CPU.Build.0 = Release|Any CPU
		{0478CBD0-6059-4496-94D1-E5AA4012C980}.Debug|Any CPU.ActiveCfg = Debug|Any CPU
		{0478CBD0-6059-4496-94D1-E5AA4012C980}.Debug|Any CPU.Build.0 = Debug|Any CPU
		{0478CBD0-6059-4496-94D1-E5AA4012C980}.Release|Any CPU.ActiveCfg = Release|Any CPU
		{0478CBD0-6059-4496-94D1-E5AA4012C980}.Release|Any CPU.Build.0 = Release|Any CPU
	EndGlobalSection
	GlobalSection(NestedProjects) = preSolution
		{E18B389E-9ACC-4417-9240-618698316321} = {4ACC224A-2F2D-4F9D-A045-7E6903F7D492}
		{897F15FD-D9EB-4736-9D57-E24A178E01EA} = {4ACC224A-2F2D-4F9D-A045-7E6903F7D492}
		{8454EEEF-DC9F-4216-9621-6DA29FEB99C4} = {4ACC224A-2F2D-4F9D-A045-7E6903F7D492}
	EndGlobalSection
EndGlobal
